
Microsoft Visual Studio Solution File, Format Version 12.00
# Visual Studio Version 16
VisualStudioVersion = 16.0.31702.278
MinimumVisualStudioVersion = 10.0.40219.1
Project("{FAE04EC0-301F-11D3-BF4B-00C04F79EFBC}") = "lekcija5", "lekcija5\lekcija5.csproj", "{97CEE180-5F09-4D02-8B97-FFD11AA99F29}"
EndProject
Global
	GlobalSection(SolutionConfigurationPlatforms) = preSolution
		Debug|Any CPU = Debug|Any CPU
		Release|Any CPU = Release|Any CPU
	EndGlobalSection
	GlobalSection(ProjectConfigurationPlatforms) = postSolution
		{97CEE180-5F09-4D02-8B97-FFD11AA99F29}.Debug|Any CPU.ActiveCfg = Debug|Any CPU
		{97CEE180-5F09-4D02-8B97-FFD11AA99F29}.Debug|Any CPU.Build.0 = Debug|Any CPU
		{97CEE180-5F09-4D02-8B97-FFD11AA99F29}.Release|Any CPU.ActiveCfg = Release|Any CPU
		{97CEE180-5F09-4D02-8B97-FFD11AA99F29}.Release|Any CPU.Build.0 = Release|Any CPU
	EndGlobalSection
	GlobalSection(SolutionProperties) = preSolution
		HideSolutionNode = FALSE
	EndGlobalSection
	GlobalSection(ExtensibilityGlobals) = postSolution
		SolutionGuid = {209EC286-954E-42BD-9A32-947017CD058B}
	EndGlobalSection
EndGlobal
